// !$*UTF8*$!
{
	archiveVersion = 1;
	classes = {
	};
	objectVersion = 46;
	objects = {

/* Begin PBXBuildFile section */
		AEA5DA211E286FCF00DDF5F4 /* AppDelegate.swift in Sources */ = {isa = PBXBuildFile; fileRef = AEA5DA201E286FCF00DDF5F4 /* AppDelegate.swift */; };
		AEA5DA231E286FCF00DDF5F4 /* TipViewController.swift in Sources */ = {isa = PBXBuildFile; fileRef = AEA5DA221E286FCF00DDF5F4 /* TipViewController.swift */; };
		AEA5DA261E286FCF00DDF5F4 /* Main.storyboard in Resources */ = {isa = PBXBuildFile; fileRef = AEA5DA241E286FCF00DDF5F4 /* Main.storyboard */; };
		AEA5DA281E286FCF00DDF5F4 /* Assets.xcassets in Resources */ = {isa = PBXBuildFile; fileRef = AEA5DA271E286FCF00DDF5F4 /* Assets.xcassets */; };
		AEA5DA2B1E286FCF00DDF5F4 /* LaunchScreen.storyboard in Resources */ = {isa = PBXBuildFile; fileRef = AEA5DA291E286FCF00DDF5F4 /* LaunchScreen.storyboard */; };
		AEA5DA371E2872CB00DDF5F4 /* Utils.swift in Sources */ = {isa = PBXBuildFile; fileRef = AEA5DA361E2872CB00DDF5F4 /* Utils.swift */; };
		AEA5DA391E28738400DDF5F4 /* SettingsViewController.swift in Sources */ = {isa = PBXBuildFile; fileRef = AEA5DA381E28738400DDF5F4 /* SettingsViewController.swift */; };
/* End PBXBuildFile section */

/* Begin PBXFileReference section */
		AEA5DA1D1E286FCF00DDF5F4 /* Tipo.app */ = {isa = PBXFileReference; explicitFileType = wrapper.application; includeInIndex = 0; path = Tipo.app; sourceTree = BUILT_PRODUCTS_DIR; };
		AEA5DA201E286FCF00DDF5F4 /* AppDelegate.swift */ = {isa = PBXFileReference; lastKnownFileType = sourcecode.swift; path = AppDelegate.swift; sourceTree = "<group>"; };
		AEA5DA221E286FCF00DDF5F4 /* TipViewController.swift */ = {isa = PBXFileReference; lastKnownFileType = sourcecode.swift; path = TipViewController.swift; sourceTree = "<group>"; };
		AEA5DA251E286FCF00DDF5F4 /* Base */ = {isa = PBXFileReference; lastKnownFileType = file.storyboard; name = Base; path = Base.lproj/Main.storyboard; sourceTree = "<group>"; };
		AEA5DA271E286FCF00DDF5F4 /* Assets.xcassets */ = {isa = PBXFileReference; lastKnownFileType = folder.assetcatalog; path = Assets.xcassets; sourceTree = "<group>"; };
		AEA5DA2A1E286FCF00DDF5F4 /* Base */ = {isa = PBXFileReference; lastKnownFileType = file.storyboard; name = Base; path = Base.lproj/LaunchScreen.storyboard; sourceTree = "<group>"; };
		AEA5DA2C1E286FCF00DDF5F4 /* Info.plist */ = {isa = PBXFileReference; lastKnownFileType = text.plist.xml; path = Info.plist; sourceTree = "<group>"; };
		AEA5DA361E2872CB00DDF5F4 /* Utils.swift */ = {isa = PBXFileReference; fileEncoding = 4; lastKnownFileType = sourcecode.swift; path = Utils.swift; sourceTree = "<group>"; };
		AEA5DA381E28738400DDF5F4 /* SettingsViewController.swift */ = {isa = PBXFileReference; fileEncoding = 4; lastKnownFileType = sourcecode.swift; path = SettingsViewController.swift; sourceTree = "<group>"; };
/* End PBXFileReference section */

/* Begin PBXFrameworksBuildPhase section */
		AEA5DA1A1E286FCF00DDF5F4 /* Frameworks */ = {
			isa = PBXFrameworksBuildPhase;
			buildActionMask = 2147483647;
			files = (
			);
			runOnlyForDeploymentPostprocessing = 0;
		};
/* End PBXFrameworksBuildPhase section */

/* Begin PBXGroup section */
		AEA5DA141E286FCF00DDF5F4 = {
			isa = PBXGroup;
			children = (
				AEA5DA1F1E286FCF00DDF5F4 /* Tipo */,
				AEA5DA1E1E286FCF00DDF5F4 /* Products */,
			);
			sourceTree = "<group>";
		};
		AEA5DA1E1E286FCF00DDF5F4 /* Products */ = {
			isa = PBXGroup;
			children = (
				AEA5DA1D1E286FCF00DDF5F4 /* Tipo.app */,
			);
			name = Products;
			sourceTree = "<group>";
		};
		AEA5DA1F1E286FCF00DDF5F4 /* Tipo */ = {
			isa = PBXGroup;
			children = (
				AEA5DA331E286FE000DDF5F4 /* Controller */,
				AEA5DA321E286FD900DDF5F4 /* Utils */,
				AEA5DA201E286FCF00DDF5F4 /* AppDelegate.swift */,
				AEA5DA241E286FCF00DDF5F4 /* Main.storyboard */,
				AEA5DA271E286FCF00DDF5F4 /* Assets.xcassets */,
				AEA5DA291E286FCF00DDF5F4 /* LaunchScreen.storyboard */,
				AEA5DA2C1E286FCF00DDF5F4 /* Info.plist */,
			);
			path = Tipo;
			sourceTree = "<group>";
		};
		AEA5DA321E286FD900DDF5F4 /* Utils */ = {
			isa = PBXGroup;
			children = (
				AEA5DA361E2872CB00DDF5F4 /* Utils.swift */,
			);
			name = Utils;
			sourceTree = "<group>";
		};
		AEA5DA331E286FE000DDF5F4 /* Controller */ = {
			isa = PBXGroup;
			children = (
				AEA5DA221E286FCF00DDF5F4 /* TipViewController.swift */,
				AEA5DA381E28738400DDF5F4 /* SettingsViewController.swift */,
			);
			name = Controller;
			sourceTree = "<group>";
		};
/* End PBXGroup section */

/* Begin PBXNativeTarget section */
		AEA5DA1C1E286FCF00DDF5F4 /* Tipo */ = {
			isa = PBXNativeTarget;
			buildConfigurationList = AEA5DA2F1E286FCF00DDF5F4 /* Build configuration list for PBXNativeTarget "Tipo" */;
			buildPhases = (
				AEA5DA191E286FCF00DDF5F4 /* Sources */,
				AEA5DA1A1E286FCF00DDF5F4 /* Frameworks */,
				AEA5DA1B1E286FCF00DDF5F4 /* Resources */,
			);
			buildRules = (
			);
			dependencies = (
			);
			name = Tipo;
			productName = Tipo;
			productReference = AEA5DA1D1E286FCF00DDF5F4 /* Tipo.app */;
			productType = "com.apple.product-type.application";
		};
/* End PBXNativeTarget section */

/* Begin PBXProject section */
		AEA5DA151E286FCF00DDF5F4 /* Project object */ = {
			isa = PBXProject;
			attributes = {
				LastSwiftUpdateCheck = 0820;
				LastUpgradeCheck = 0820;
				ORGANIZATIONNAME = "Code Path";
				TargetAttributes = {
					AEA5DA1C1E286FCF00DDF5F4 = {
						CreatedOnToolsVersion = 8.2.1;
						DevelopmentTeam = 49TA9779W8;
						ProvisioningStyle = Automatic;
					};
				};
			};
			buildConfigurationList = AEA5DA181E286FCF00DDF5F4 /* Build configuration list for PBXProject "Tipo" */;
			compatibilityVersion = "Xcode 3.2";
			developmentRegion = English;
			hasScannedForEncodings = 0;
			knownRegions = (
				en,
				Base,
			);
			mainGroup = AEA5DA141E286FCF00DDF5F4;
			productRefGroup = AEA5DA1E1E286FCF00DDF5F4 /* Products */;
			projectDirPath = "";
			projectRoot = "";
			targets = (
				AEA5DA1C1E286FCF00DDF5F4 /* Tipo */,
			);
		};
/* End PBXProject section */

/* Begin PBXResourcesBuildPhase section */
		AEA5DA1B1E286FCF00DDF5F4 /* Resources */ = {
			isa = PBXResourcesBuildPhase;
			buildActionMask = 2147483647;
			files = (
				AEA5DA2B1E286FCF00DDF5F4 /* LaunchScreen.storyboard in Resources */,
				AEA5DA281E286FCF00DDF5F4 /* Assets.xcassets in Resources */,
				AEA5DA261E286FCF00DDF5F4 /* Main.storyboard in Resources */,
			);
			runOnlyForDeploymentPostprocessing = 0;
		};
/* End PBXResourcesBuildPhase section */

/* Begin PBXSourcesBuildPhase section */
		AEA5DA191E286FCF00DDF5F4 /* Sources */ = {
			isa = PBXSourcesBuildPhase;
			buildActionMask = 2147483647;
			files = (
				AEA5DA231E286FCF00DDF5F4 /* TipViewController.swift in Sources */,
				AEA5DA211E286FCF00DDF5F4 /* AppDelegate.swift in Sources */,
				AEA5DA371E2872CB00DDF5F4 /* Utils.swift in Sources */,
				AEA5DA391E28738400DDF5F4 /* SettingsViewController.swift in Sources */,
			);
			runOnlyForDeploymentPostprocessing = 0;
		};
/* End PBXSourcesBuildPhase section */

/* Begin PBXVariantGroup section */
		AEA5DA241E286FCF00DDF5F4 /* Main.storyboard */ = {
			isa = PBXVariantGroup;
			children = (
				AEA5DA251E286FCF00DDF5F4 /* Base */,
			);
			name = Main.storyboard;
			sourceTree = "<group>";
		};
		AEA5DA291E286FCF00DDF5F4 /* LaunchScreen.storyboard */ = {
			isa = PBXVariantGroup;
			children = (
				AEA5DA2A1E286FCF00DDF5F4 /* Base */,
			);
			name = LaunchScreen.storyboard;
			sourceTree = "<group>";
		};
/* End PBXVariantGroup section */

/* Begin XCBuildConfiguration section */
		AEA5DA2D1E286FCF00DDF5F4 /* Debug */ = {
			isa = XCBuildConfiguration;
			buildSettings = {
				ALWAYS_SEARCH_USER_PATHS = NO;
				CLANG_ANALYZER_NONNULL = YES;
				CLANG_CXX_LANGUAGE_STANDARD = "gnu++0x";
				CLANG_CXX_LIBRARY = "libc++";
				CLANG_ENABLE_MODULES = YES;
				CLANG_ENABLE_OBJC_ARC = YES;
				CLANG_WARN_BOOL_CONVERSION = YES;
				CLANG_WARN_CONSTANT_CONVERSION = YES;
				CLANG_WARN_DIRECT_OBJC_ISA_USAGE = YES_ERROR;
				CLANG_WARN_DOCUMENTATION_COMMENTS = YES;
				CLANG_WARN_EMPTY_BODY = YES;
				CLANG_WARN_ENUM_CONVERSION = YES;
				CLANG_WARN_INFINITE_RECURSION = YES;
				CLANG_WARN_INT_CONVERSION = YES;
				CLANG_WARN_OBJC_ROOT_CLASS = YES_ERROR;
				CLANG_WARN_SUSPICIOUS_MOVE = YES;
				CLANG_WARN_UNREACHABLE_CODE = YES;
				CLANG_WARN__DUPLICATE_METHOD_MATCH = YES;
				"CODE_SIGN_IDENTITY[sdk=iphoneos*]" = "iPhone Developer";
				COPY_PHASE_STRIP = NO;
				DEBUG_INFORMATION_FORMAT = dwarf;
				ENABLE_STRICT_OBJC_MSGSEND = YES;
				ENABLE_TESTABILITY = YES;
				GCC_C_LANGUAGE_STANDARD = gnu99;
				GCC_DYNAMIC_NO_PIC = NO;
				GCC_NO_COMMON_BLOCKS = YES;
				GCC_OPTIMIZATION_LEVEL = 0;
				GCC_PREPROCESSOR_DEFINITIONS = (
					"DEBUG=1",
					"$(inherited)",
				);
				GCC_WARN_64_TO_32_BIT_CONVERSION = YES;
				GCC_WARN_ABOUT_RETURN_TYPE = YES_ERROR;
				GCC_WARN_UNDECLARED_SELECTOR = YES;
				GCC_WARN_UNINITIALIZED_AUTOS = YES_AGGRESSIVE;
				GCC_WARN_UNUSED_FUNCTION = YES;
				GCC_WARN_UNUSED_VARIABLE = YES;
				IPHONEOS_DEPLOYMENT_TARGET = 10.2;
				MTL_ENABLE_DEBUG_INFO = YES;
				ONLY_ACTIVE_ARCH = YES;
				SDKROOT = iphoneos;
				SWIFT_ACTIVE_COMPILATION_CONDITIONS = DEBUG;
				SWIFT_OPTIMIZATION_LEVEL = "-Onone";
			};
			name = Debug;
		};
		AEA5DA2E1E286FCF00DDF5F4 /* Release */ = {
			isa = XCBuildConfiguration;
			buildSettings = {
				ALWAYS_SEARCH_USER_PATHS = NO;
				CLANG_ANALYZER_NONNULL = YES;
				CLANG_CXX_LANGUAGE_STANDARD = "gnu++0x";
				CLANG_CXX_LIBRARY = "libc++";
				CLANG_ENABLE_MODULES = YES;
				CLANG_ENABLE_OBJC_ARC = YES;
				CLANG_WARN_BOOL_CONVERSION = YES;
				CLANG_WARN_CONSTANT_CONVERSION = YES;
				CLANG_WARN_DIRECT_OBJC_ISA_USAGE = YES_ERROR;
				CLANG_WARN_DOCUMENTATION_COMMENTS = YES;
				CLANG_WARN_EMPTY_BODY = YES;
				CLANG_WARN_ENUM_CONVERSION = YES;
				CLANG_WARN_INFINITE_RECURSION = YES;
				CLANG_WARN_INT_CONVERSION = YES;
				CLANG_WARN_OBJC_ROOT_CLASS = YES_ERROR;
				CLANG_WARN_SUSPICIOUS_MOVE = YES;
				CLANG_WARN_UNREACHABLE_CODE = YES;
				CLANG_WARN__DUPLICATE_METHOD_MATCH = YES;
				"CODE_SIGN_IDENTITY[sdk=iphoneos*]" = "iPhone Developer";
				COPY_PHASE_STRIP = NO;
				DEBUG_INFORMATION_FORMAT = "dwarf-with-dsym";
				ENABLE_NS_ASSERTIONS = NO;
				ENABLE_STRICT_OBJC_MSGSEND = YES;
				GCC_C_LANGUAGE_STANDARD = gnu99;
				GCC_NO_COMMON_BLOCKS = YES;
				GCC_WARN_64_TO_32_BIT_CONVERSION = YES;
				GCC_WARN_ABOUT_RETURN_TYPE = YES_ERROR;
				GCC_WARN_UNDECLARED_SELECTOR = YES;
				GCC_WARN_UNINITIALIZED_AUTOS = YES_AGGRESSIVE;
				GCC_WARN_UNUSED_FUNCTION = YES;
				GCC_WARN_UNUSED_VARIABLE = YES;
				IPHONEOS_DEPLOYMENT_TARGET = 10.2;
				MTL_ENABLE_DEBUG_INFO = NO;
				SDKROOT = iphoneos;
				SWIFT_OPTIMIZATION_LEVEL = "-Owholemodule";
				VALIDATE_PRODUCT = YES;
			};
			name = Release;
		};
		AEA5DA301E286FCF00DDF5F4 /* Debug */ = {
			isa = XCBuildConfiguration;
			buildSettings = {
				ASSETCATALOG_COMPILER_APPICON_NAME = AppIcon;
				DEVELOPMENT_TEAM = 49TA9779W8;
				INFOPLIST_FILE = Tipo/Info.plist;
				LD_RUNPATH_SEARCH_PATHS = "$(inherited) @executable_path/Frameworks";
				PRODUCT_BUNDLE_IDENTIFIER = com.kismat.Tipo;
				PRODUCT_NAME = "$(TARGET_NAME)";
				SWIFT_VERSION = 3.0;
			};
			name = Debug;
		};
		AEA5DA311E286FCF00DDF5F4 /* Release */ = {
			isa = XCBuildConfiguration;
			buildSettings = {
				ASSETCATALOG_COMPILER_APPICON_NAME = AppIcon;
				DEVELOPMENT_TEAM = 49TA9779W8;
				INFOPLIST_FILE = Tipo/Info.plist;
				LD_RUNPATH_SEARCH_PATHS = "$(inherited) @executable_path/Frameworks";
				PRODUCT_BUNDLE_IDENTIFIER = com.kismat.Tipo;
				PRODUCT_NAME = "$(TARGET_NAME)";
				SWIFT_VERSION = 3.0;
			};
			name = Release;
		};
/* End XCBuildConfiguration section */

/* Begin XCConfigurationList section */
		AEA5DA181E286FCF00DDF5F4 /* Build configuration list for PBXProject "Tipo" */ = {
			isa = XCConfigurationList;
			buildConfigurations = (
				AEA5DA2D1E286FCF00DDF5F4 /* Debug */,
				AEA5DA2E1E286FCF00DDF5F4 /* Release */,
			);
			defaultConfigurationIsVisible = 0;
			defaultConfigurationName = Release;
		};
		AEA5DA2F1E286FCF00DDF5F4 /* Build configuration list for PBXNativeTarget "Tipo" */ = {
			isa = XCConfigurationList;
			buildConfigurations = (
				AEA5DA301E286FCF00DDF5F4 /* Debug */,
				AEA5DA311E286FCF00DDF5F4 /* Release */,
			);
			defaultConfigurationIsVisible = 0;
			defaultConfigurationName = Release;
		};
/* End XCConfigurationList section */
	};
	rootObject = AEA5DA151E286FCF00DDF5F4 /* Project object */;
}
